Microsoft Visual Studio Solution File, Format Version 11.00
# Visual Studio 2010
Project("{F184B08F-C81C-45F6-A57F-5ABD9991F28F}") = "Solution2.Module", "Solution2.Module\Solution2.Module.vbproj", "{4DEFA036-B2B5-4E44-8F68-67B13F89190B}"
EndProject
Project("{F184B08F-C81C-45F6-A57F-5ABD9991F28F}") = "Solution2.Module.Win", "Solution2.Module.Win\Solution2.Module.Win.vbproj", "{9571CEEA-0D5B-435B-8054-EF079A3829EF}"
EndProject
Project("{F184B08F-C81C-45F6-A57F-5ABD9991F28F}") = "Solution2.Win", "Solution2.Win\Solution2.Win.vbproj", "{EE3CFA7D-94BC-4C81-AA7B-05CBFC8A8AB6}"
EndProject
Global
	GlobalSection(SolutionConfigurationPlatforms) = preSolution
		Debug|Any CPU = Debug|Any CPU
		EasyTest|Any CPU = EasyTest|Any CPU
		Release|Any CPU = Release|Any CPU
	EndGlobalSection
	GlobalSection(ProjectConfigurationPlatforms) = postSolution
		{4DEFA036-B2B5-4E44-8F68-67B13F89190B}.Debug|Any CPU.ActiveCfg = Debug|Any CPU
		{4DEFA036-B2B5-4E44-8F68-67B13F89190B}.Debug|Any CPU.Build.0 = Debug|Any CPU
		{4DEFA036-B2B5-4E44-8F68-67B13F89190B}.EasyTest|Any CPU.ActiveCfg = EasyTest|Any CPU
		{4DEFA036-B2B5-4E44-8F68-67B13F89190B}.EasyTest|Any CPU.Build.0 = EasyTest|Any CPU
		{4DEFA036-B2B5-4E44-8F68-67B13F89190B}.Release|Any CPU.ActiveCfg = Release|Any CPU
		{4DEFA036-B2B5-4E44-8F68-67B13F89190B}.Release|Any CPU.Build.0 = Release|Any CPU
		{9571CEEA-0D5B-435B-8054-EF079A3829EF}.Debug|Any CPU.ActiveCfg = Debug|Any CPU
		{9571CEEA-0D5B-435B-8054-EF079A3829EF}.Debug|Any CPU.Build.0 = Debug|Any CPU
		{9571CEEA-0D5B-435B-8054-EF079A3829EF}.EasyTest|Any CPU.ActiveCfg = EasyTest|Any CPU
		{9571CEEA-0D5B-435B-8054-EF079A3829EF}.EasyTest|Any CPU.Build.0 = EasyTest|Any CPU
		{9571CEEA-0D5B-435B-8054-EF079A3829EF}.Release|Any CPU.ActiveCfg = Release|Any CPU
		{9571CEEA-0D5B-435B-8054-EF079A3829EF}.Release|Any CPU.Build.0 = Release|Any CPU
		{EE3CFA7D-94BC-4C81-AA7B-05CBFC8A8AB6}.Debug|Any CPU.ActiveCfg = Debug|Any CPU
		{EE3CFA7D-94BC-4C81-AA7B-05CBFC8A8AB6}.Debug|Any CPU.Build.0 = Debug|Any CPU
		{EE3CFA7D-94BC-4C81-AA7B-05CBFC8A8AB6}.EasyTest|Any CPU.ActiveCfg = EasyTest|Any CPU
		{EE3CFA7D-94BC-4C81-AA7B-05CBFC8A8AB6}.EasyTest|Any CPU.Build.0 = EasyTest|Any CPU
		{EE3CFA7D-94BC-4C81-AA7B-05CBFC8A8AB6}.Release|Any CPU.ActiveCfg = Release|Any CPU
		{EE3CFA7D-94BC-4C81-AA7B-05CBFC8A8AB6}.Release|Any CPU.Build.0 = Release|Any CPU
	EndGlobalSection
	GlobalSection(SolutionProperties) = preSolution
		HideSolutionNode = FALSE
	EndGlobalSection
EndGlobal
